
Microsoft Visual Studio Solution File, Format Version 12.00
# Visual Studio 15
Project("{FAE04EC0-301F-11D3-BF4B-00C04F79EFBC}") = "lab06_02", "lab06_02\lab06_02.csproj", "{99A0F788-BC1F-4D93-A34B-1BB4A393F32B}"
EndProject
Global
	GlobalSection(SolutionConfigurationPlatforms) = preSolution
		Debug|Any CPU = Debug|Any CPU
		Release|Any CPU = Release|Any CPU
	EndGlobalSection
	GlobalSection(ProjectConfigurationPlatforms) = postSolution
		{99A0F788-BC1F-4D93-A34B-1BB4A393F32B}.Debug|Any CPU.ActiveCfg = Debug|Any CPU
		{99A0F788-BC1F-4D93-A34B-1BB4A393F32B}.Debug|Any CPU.Build.0 = Debug|Any CPU
		{99A0F788-BC1F-4D93-A34B-1BB4A393F32B}.Release|Any CPU.ActiveCfg = Release|Any CPU
		{99A0F788-BC1F-4D93-A34B-1BB4A393F32B}.Release|Any CPU.Build.0 = Release|Any CPU
	EndGlobalSection
EndGlobal
